
Microsoft Visual Studio Solution File, Format Version 12.00
# Visual Studio Version 17
VisualStudioVersion = 17.10.35122.118
MinimumVisualStudioVersion = 10.0.40219.1
Project("{FAE04EC0-301F-11D3-BF4B-00C04F79EFBC}") = "BID_Demirbas", "IK_Demirbas\BID_Demirbas.csproj", "{A99D333D-DE3D-4F20-ADFC-09785781C4F3}"
EndProject
Global
	GlobalSection(SolutionConfigurationPlatforms) = preSolution
		Debug|Any CPU = Debug|Any CPU
		Release|Any CPU = Release|Any CPU
	EndGlobalSection
	GlobalSection(ProjectConfigurationPlatforms) = postSolution
		{A99D333D-DE3D-4F20-ADFC-09785781C4F3}.Debug|Any CPU.ActiveCfg = Debug|Any CPU
		{A99D333D-DE3D-4F20-ADFC-09785781C4F3}.Debug|Any CPU.Build.0 = Debug|Any CPU
		{A99D333D-DE3D-4F20-ADFC-09785781C4F3}.Release|Any CPU.ActiveCfg = Release|Any CPU
		{A99D333D-DE3D-4F20-ADFC-09785781C4F3}.Release|Any CPU.Build.0 = Release|Any CPU
	EndGlobalSection
	GlobalSection(SolutionProperties) = preSolution
		HideSolutionNode = FALSE
	EndGlobalSection
	GlobalSection(ExtensibilityGlobals) = postSolution
		SolutionGuid = {2DBCF26D-7C1E-4525-959C-B28D5FAFCD4E}
	EndGlobalSection
EndGlobal
